{
  "pins" : [
    {
      "identity" : "cloudkitsyncmonitor",
      "kind" : "remoteSourceControl",
      "location" : "https://github.com/ggruen/CloudKitSyncMonitor.git",
      "state" : {
        "revision" : "980208a30685713c4c4eb10897206a2e2574ed3f",
        "version" : "1.1.1"
      }
    },
    {
      "identity" : "diffablelist",
      "kind" : "remoteSourceControl",
      "location" : "https://github.com/grepug/DiffableList",
      "state" : {
        "branch" : "dev_3.3.7",
        "revision" : "cf27b1bb4ae7de7be375a8ba1ba50f1ea8940559"
      }
    },
    {
      "identity" : "menubuilder",
      "kind" : "remoteSourceControl",
      "location" : "https://github.com/grepug/MenuBuilder",
      "state" : {
        "branch" : "master",
        "revision" : "93b013147c94a2030bf1035ea01ad94874983757"
      }
    },
    {
      "identity" : "snapkit",
      "kind" : "remoteSourceControl",
      "location" : "https://github.com/SnapKit/SnapKit.git",
      "state" : {
        "revision" : "f222cbdf325885926566172f6f5f06af95473158",
        "version" : "5.6.0"
      }
    },
    {
      "identity" : "storageprovider",
      "kind" : "remoteSourceControl",
      "location" : "https://github.com/grepug/StorageProvider.git",
      "state" : {
        "branch" : "main",
        "revision" : "95145d5320e24ead798ae8deff972fc67c0e98d0"
      }
    },
    {
      "identity" : "swift-collections",
      "kind" : "remoteSourceControl",
      "location" : "https://github.com/apple/swift-collections.git",
      "state" : {
        "revision" : "48254824bb4248676bf7ce56014ff57b142b77eb",
        "version" : "1.0.2"
      }
    },
    {
      "identity" : "twittertexteditor",
      "kind" : "remoteSourceControl",
      "location" : "https://github.com/twitter/TwitterTextEditor",
      "state" : {
        "branch" : "master",
        "revision" : "940dc091fbe51ef6cb267b9bff80d4148cdf345a"
      }
    },
    {
      "identity" : "uikitutils",
      "kind" : "remoteSourceControl",
      "location" : "https://github.com/grepug/UIKitUtils.git",
      "state" : {
        "branch" : "dev_3.3.7",
        "revision" : "c4f424b0b2106819f6b168550dfdb61c7c750726"
      }
    }
  ],
  "version" : 2
}
