{
  "pins" : [
    {
      "identity" : "cloudkitsyncmonitor",
      "kind" : "remoteSourceControl",
      "location" : "https://github.com/ggruen/CloudKitSyncMonitor.git",
      "state" : {
        "revision" : "980208a30685713c4c4eb10897206a2e2574ed3f",
        "version" : "1.1.1"
      }
    },
    {
      "identity" : "diffablelist",
      "kind" : "remoteSourceControl",
      "location" : "https://github.com/grepug/DiffableList",
      "state" : {
        "branch" : "dev_3.1.0",
        "revision" : "b81b68a8d80ee91d5f96c28b6be97458ffc36d34"
      }
    },
    {
      "identity" : "menubuilder",
      "kind" : "remoteSourceControl",
      "location" : "https://github.com/grepug/MenuBuilder",
      "state" : {
        "branch" : "master",
        "revision" : "ea0cf2aad1300828bb848d33bd5109334c44ba41"
      }
    },
    {
      "identity" : "snapkit",
      "kind" : "remoteSourceControl",
      "location" : "https://github.com/SnapKit/SnapKit.git",
      "state" : {
        "revision" : "f222cbdf325885926566172f6f5f06af95473158",
        "version" : "5.6.0"
      }
    },
    {
      "identity" : "storageprovider",
      "kind" : "remoteSourceControl",
      "location" : "https://github.com/grepug/StorageProvider.git",
      "state" : {
        "branch" : "main",
        "revision" : "95145d5320e24ead798ae8deff972fc67c0e98d0"
      }
    },
    {
      "identity" : "twittertexteditor",
      "kind" : "remoteSourceControl",
      "location" : "https://github.com/twitter/TwitterTextEditor",
      "state" : {
        "branch" : "master",
        "revision" : "940dc091fbe51ef6cb267b9bff80d4148cdf345a"
      }
    },
    {
      "identity" : "uikitutils",
      "kind" : "remoteSourceControl",
      "location" : "https://github.com/grepug/UIKitUtils.git",
      "state" : {
        "branch" : "dev_3.1.0",
        "revision" : "b7f930013d54964d1896425b11a331137de755d1"
      }
    }
  ],
  "version" : 2
}
